
Microsoft Visual Studio Solution File, Format Version 12.00
# Visual Studio Version 17
VisualStudioVersion = 17.7.34024.191
MinimumVisualStudioVersion = 10.0.40219.1
Project("{FAE04EC0-301F-11D3-BF4B-00C04F79EFBC}") = "Rectangle", "ConsoleApp3\Rectangle.csproj", "{9D0E40B7-087F-483D-A498-C813909FD29D}"
EndProject
Project("{FAE04EC0-301F-11D3-BF4B-00C04F79EFBC}") = "PointAndFigure", "PointAndFigure\PointAndFigure.csproj", "{4936E96A-51D7-4B77-811A-1A708517BC81}"
EndProject
Global
	GlobalSection(SolutionConfigurationPlatforms) = preSolution
		Debug|Any CPU = Debug|Any CPU
		Release|Any CPU = Release|Any CPU
	EndGlobalSection
	GlobalSection(ProjectConfigurationPlatforms) = postSolution
		{9D0E40B7-087F-483D-A498-C813909FD29D}.Debug|Any CPU.ActiveCfg = Debug|Any CPU
		{9D0E40B7-087F-483D-A498-C813909FD29D}.Debug|Any CPU.Build.0 = Debug|Any CPU
		{9D0E40B7-087F-483D-A498-C813909FD29D}.Release|Any CPU.ActiveCfg = Release|Any CPU
		{9D0E40B7-087F-483D-A498-C813909FD29D}.Release|Any CPU.Build.0 = Release|Any CPU
		{4936E96A-51D7-4B77-811A-1A708517BC81}.Debug|Any CPU.ActiveCfg = Debug|Any CPU
		{4936E96A-51D7-4B77-811A-1A708517BC81}.Debug|Any CPU.Build.0 = Debug|Any CPU
		{4936E96A-51D7-4B77-811A-1A708517BC81}.Release|Any CPU.ActiveCfg = Release|Any CPU
		{4936E96A-51D7-4B77-811A-1A708517BC81}.Release|Any CPU.Build.0 = Release|Any CPU
	EndGlobalSection
	GlobalSection(SolutionProperties) = preSolution
		HideSolutionNode = FALSE
	EndGlobalSection
	GlobalSection(ExtensibilityGlobals) = postSolution
		SolutionGuid = {8F43BA89-A466-4017-A847-22DF10C53038}
	EndGlobalSection
EndGlobal
